// !$*UTF8*$!
{
	archiveVersion = 1;
	classes = {
	};
	objectVersion = 56;
	objects = {

/* Begin PBXBuildFile section */
		A5592D5F29BC43B400D7B9CD /* InterviewQuestionsApp.swift in Sources */ = {isa = PBXBuildFile; fileRef = A5592D5E29BC43B400D7B9CD /* InterviewQuestionsApp.swift */; };
		A5592D6129BC43B400D7B9CD /* ContentView.swift in Sources */ = {isa = PBXBuildFile; fileRef = A5592D6029BC43B400D7B9CD /* ContentView.swift */; };
		A5592D6329BC43B400D7B9CD /* Assets.xcassets in Resources */ = {isa = PBXBuildFile; fileRef = A5592D6229BC43B400D7B9CD /* Assets.xcassets */; };
		A5592D6629BC43B400D7B9CD /* Preview Assets.xcassets in Resources */ = {isa = PBXBuildFile; fileRef = A5592D6529BC43B400D7B9CD /* Preview Assets.xcassets */; };
		A5592D7029BC43B400D7B9CD /* InterviewQuestionsTests.swift in Sources */ = {isa = PBXBuildFile; fileRef = A5592D6F29BC43B400D7B9CD /* InterviewQuestionsTests.swift */; };
		A5592D7A29BC43B400D7B9CD /* InterviewQuestionsUITests.swift in Sources */ = {isa = PBXBuildFile; fileRef = A5592D7929BC43B400D7B9CD /* InterviewQuestionsUITests.swift */; };
		A5592D7C29BC43B400D7B9CD /* InterviewQuestionsUITestsLaunchTests.swift in Sources */ = {isa = PBXBuildFile; fileRef = A5592D7B29BC43B400D7B9CD /* InterviewQuestionsUITestsLaunchTests.swift */; };
		A5592DC129BE722900D7B9CD /* OverlappingCoordinates.swift in Sources */ = {isa = PBXBuildFile; fileRef = A5592DC029BE722900D7B9CD /* OverlappingCoordinates.swift */; };
/* End PBXBuildFile section */

/* Begin PBXContainerItemProxy section */
		A5592D6C29BC43B400D7B9CD /* PBXContainerItemProxy */ = {
			isa = PBXContainerItemProxy;
			containerPortal = A5592D5329BC43B400D7B9CD /* Project object */;
			proxyType = 1;
			remoteGlobalIDString = A5592D5A29BC43B400D7B9CD;
			remoteInfo = InterviewQuestions;
		};
		A5592D7629BC43B400D7B9CD /* PBXContainerItemProxy */ = {
			isa = PBXContainerItemProxy;
			containerPortal = A5592D5329BC43B400D7B9CD /* Project object */;
			proxyType = 1;
			remoteGlobalIDString = A5592D5A29BC43B400D7B9CD;
			remoteInfo = InterviewQuestions;
		};
/* End PBXContainerItemProxy section */

/* Begin PBXFileReference section */
		A5592D5B29BC43B400D7B9CD /* InterviewQuestions.app */ = {isa = PBXFileReference; explicitFileType = wrapper.application; includeInIndex = 0; path = InterviewQuestions.app; sourceTree = BUILT_PRODUCTS_DIR; };
		A5592D5E29BC43B400D7B9CD /* InterviewQuestionsApp.swift */ = {isa = PBXFileReference; lastKnownFileType = sourcecode.swift; path = InterviewQuestionsApp.swift; sourceTree = "<group>"; };
		A5592D6029BC43B400D7B9CD /* ContentView.swift */ = {isa = PBXFileReference; lastKnownFileType = sourcecode.swift; path = ContentView.swift; sourceTree = "<group>"; };
		A5592D6229BC43B400D7B9CD /* Assets.xcassets */ = {isa = PBXFileReference; lastKnownFileType = folder.assetcatalog; path = Assets.xcassets; sourceTree = "<group>"; };
		A5592D6529BC43B400D7B9CD /* Preview Assets.xcassets */ = {isa = PBXFileReference; lastKnownFileType = folder.assetcatalog; path = "Preview Assets.xcassets"; sourceTree = "<group>"; };
		A5592D6B29BC43B400D7B9CD /* InterviewQuestionsTests.xctest */ = {isa = PBXFileReference; explicitFileType = wrapper.cfbundle; includeInIndex = 0; path = InterviewQuestionsTests.xctest; sourceTree = BUILT_PRODUCTS_DIR; };
		A5592D6F29BC43B400D7B9CD /* InterviewQuestionsTests.swift */ = {isa = PBXFileReference; lastKnownFileType = sourcecode.swift; path = InterviewQuestionsTests.swift; sourceTree = "<group>"; };
		A5592D7529BC43B400D7B9CD /* InterviewQuestionsUITests.xctest */ = {isa = PBXFileReference; explicitFileType = wrapper.cfbundle; includeInIndex = 0; path = InterviewQuestionsUITests.xctest; sourceTree = BUILT_PRODUCTS_DIR; };
		A5592D7929BC43B400D7B9CD /* InterviewQuestionsUITests.swift */ = {isa = PBXFileReference; lastKnownFileType = sourcecode.swift; path = InterviewQuestionsUITests.swift; sourceTree = "<group>"; };
		A5592D7B29BC43B400D7B9CD /* InterviewQuestionsUITestsLaunchTests.swift */ = {isa = PBXFileReference; lastKnownFileType = sourcecode.swift; path = InterviewQuestionsUITestsLaunchTests.swift; sourceTree = "<group>"; };
		A5592DC029BE722900D7B9CD /* OverlappingCoordinates.swift */ = {isa = PBXFileReference; lastKnownFileType = sourcecode.swift; path = OverlappingCoordinates.swift; sourceTree = "<group>"; };
/* End PBXFileReference section */

/* Begin PBXFrameworksBuildPhase section */
		A5592D5829BC43B400D7B9CD /* Frameworks */ = {
			isa = PBXFrameworksBuildPhase;
			buildActionMask = 2147483647;
			files = (
			);
			runOnlyForDeploymentPostprocessing = 0;
		};
		A5592D6829BC43B400D7B9CD /* Frameworks */ = {
			isa = PBXFrameworksBuildPhase;
			buildActionMask = 2147483647;
			files = (
			);
			runOnlyForDeploymentPostprocessing = 0;
		};
		A5592D7229BC43B400D7B9CD /* Frameworks */ = {
			isa = PBXFrameworksBuildPhase;
			buildActionMask = 2147483647;
			files = (
			);
			runOnlyForDeploymentPostprocessing = 0;
		};
/* End PBXFrameworksBuildPhase section */

/* Begin PBXGroup section */
		A5592D5229BC43B400D7B9CD = {
			isa = PBXGroup;
			children = (
				A5592D5D29BC43B400D7B9CD /* InterviewQuestions */,
				A5592D6E29BC43B400D7B9CD /* InterviewQuestionsTests */,
				A5592D7829BC43B400D7B9CD /* InterviewQuestionsUITests */,
				A5592D5C29BC43B400D7B9CD /* Products */,
			);
			sourceTree = "<group>";
		};
		A5592D5C29BC43B400D7B9CD /* Products */ = {
			isa = PBXGroup;
			children = (
				A5592D5B29BC43B400D7B9CD /* InterviewQuestions.app */,
				A5592D6B29BC43B400D7B9CD /* InterviewQuestionsTests.xctest */,
				A5592D7529BC43B400D7B9CD /* InterviewQuestionsUITests.xctest */,
			);
			name = Products;
			sourceTree = "<group>";
		};
		A5592D5D29BC43B400D7B9CD /* InterviewQuestions */ = {
			isa = PBXGroup;
			children = (
				A5592D5E29BC43B400D7B9CD /* InterviewQuestionsApp.swift */,
				A5592D6029BC43B400D7B9CD /* ContentView.swift */,
				A5592DC029BE722900D7B9CD /* OverlappingCoordinates.swift */,
				A5592D6229BC43B400D7B9CD /* Assets.xcassets */,
				A5592D6429BC43B400D7B9CD /* Preview Content */,
			);
			path = InterviewQuestions;
			sourceTree = "<group>";
		};
		A5592D6429BC43B400D7B9CD /* Preview Content */ = {
			isa = PBXGroup;
			children = (
				A5592D6529BC43B400D7B9CD /* Preview Assets.xcassets */,
			);
			path = "Preview Content";
			sourceTree = "<group>";
		};
		A5592D6E29BC43B400D7B9CD /* InterviewQuestionsTests */ = {
			isa = PBXGroup;
			children = (
				A5592D6F29BC43B400D7B9CD /* InterviewQuestionsTests.swift */,
			);
			path = InterviewQuestionsTests;
			sourceTree = "<group>";
		};
		A5592D7829BC43B400D7B9CD /* InterviewQuestionsUITests */ = {
			isa = PBXGroup;
			children = (
				A5592D7929BC43B400D7B9CD /* InterviewQuestionsUITests.swift */,
				A5592D7B29BC43B400D7B9CD /* InterviewQuestionsUITestsLaunchTests.swift */,
			);
			path = InterviewQuestionsUITests;
			sourceTree = "<group>";
		};
/* End PBXGroup section */

/* Begin PBXNativeTarget section */
		A5592D5A29BC43B400D7B9CD /* InterviewQuestions */ = {
			isa = PBXNativeTarget;
			buildConfigurationList = A5592D7F29BC43B400D7B9CD /* Build configuration list for PBXNativeTarget "InterviewQuestions" */;
			buildPhases = (
				A5592D5729BC43B400D7B9CD /* Sources */,
				A5592D5829BC43B400D7B9CD /* Frameworks */,
				A5592D5929BC43B400D7B9CD /* Resources */,
			);
			buildRules = (
			);
			dependencies = (
			);
			name = InterviewQuestions;
			productName = InterviewQuestions;
			productReference = A5592D5B29BC43B400D7B9CD /* InterviewQuestions.app */;
			productType = "com.apple.product-type.application";
		};
		A5592D6A29BC43B400D7B9CD /* InterviewQuestionsTests */ = {
			isa = PBXNativeTarget;
			buildConfigurationList = A5592D8229BC43B400D7B9CD /* Build configuration list for PBXNativeTarget "InterviewQuestionsTests" */;
			buildPhases = (
				A5592D6729BC43B400D7B9CD /* Sources */,
				A5592D6829BC43B400D7B9CD /* Frameworks */,
				A5592D6929BC43B400D7B9CD /* Resources */,
			);
			buildRules = (
			);
			dependencies = (
				A5592D6D29BC43B400D7B9CD /* PBXTargetDependency */,
			);
			name = InterviewQuestionsTests;
			productName = InterviewQuestionsTests;
			productReference = A5592D6B29BC43B400D7B9CD /* InterviewQuestionsTests.xctest */;
			productType = "com.apple.product-type.bundle.unit-test";
		};
		A5592D7429BC43B400D7B9CD /* InterviewQuestionsUITests */ = {
			isa = PBXNativeTarget;
			buildConfigurationList = A5592D8529BC43B400D7B9CD /* Build configuration list for PBXNativeTarget "InterviewQuestionsUITests" */;
			buildPhases = (
				A5592D7129BC43B400D7B9CD /* Sources */,
				A5592D7229BC43B400D7B9CD /* Frameworks */,
				A5592D7329BC43B400D7B9CD /* Resources */,
			);
			buildRules = (
			);
			dependencies = (
				A5592D7729BC43B400D7B9CD /* PBXTargetDependency */,
			);
			name = InterviewQuestionsUITests;
			productName = InterviewQuestionsUITests;
			productReference = A5592D7529BC43B400D7B9CD /* InterviewQuestionsUITests.xctest */;
			productType = "com.apple.product-type.bundle.ui-testing";
		};
/* End PBXNativeTarget section */

/* Begin PBXProject section */
		A5592D5329BC43B400D7B9CD /* Project object */ = {
			isa = PBXProject;
			attributes = {
				BuildIndependentTargetsInParallel = 1;
				LastSwiftUpdateCheck = 1420;
				LastUpgradeCheck = 1420;
				TargetAttributes = {
					A5592D5A29BC43B400D7B9CD = {
						CreatedOnToolsVersion = 14.2;
					};
					A5592D6A29BC43B400D7B9CD = {
						CreatedOnToolsVersion = 14.2;
						TestTargetID = A5592D5A29BC43B400D7B9CD;
					};
					A5592D7429BC43B400D7B9CD = {
						CreatedOnToolsVersion = 14.2;
						TestTargetID = A5592D5A29BC43B400D7B9CD;
					};
				};
			};
			buildConfigurationList = A5592D5629BC43B400D7B9CD /* Build configuration list for PBXProject "InterviewQuestions" */;
			compatibilityVersion = "Xcode 14.0";
			developmentRegion = en;
			hasScannedForEncodings = 0;
			knownRegions = (
				en,
				Base,
			);
			mainGroup = A5592D5229BC43B400D7B9CD;
			productRefGroup = A5592D5C29BC43B400D7B9CD /* Products */;
			projectDirPath = "";
			projectRoot = "";
			targets = (
				A5592D5A29BC43B400D7B9CD /* InterviewQuestions */,
				A5592D6A29BC43B400D7B9CD /* InterviewQuestionsTests */,
				A5592D7429BC43B400D7B9CD /* InterviewQuestionsUITests */,
			);
		};
/* End PBXProject section */

/* Begin PBXResourcesBuildPhase section */
		A5592D5929BC43B400D7B9CD /* Resources */ = {
			isa = PBXResourcesBuildPhase;
			buildActionMask = 2147483647;
			files = (
				A5592D6629BC43B400D7B9CD /* Preview Assets.xcassets in Resources */,
				A5592D6329BC43B400D7B9CD /* Assets.xcassets in Resources */,
			);
			runOnlyForDeploymentPostprocessing = 0;
		};
		A5592D6929BC43B400D7B9CD /* Resources */ = {
			isa = PBXResourcesBuildPhase;
			buildActionMask = 2147483647;
			files = (
			);
			runOnlyForDeploymentPostprocessing = 0;
		};
		A5592D7329BC43B400D7B9CD /* Resources */ = {
			isa = PBXResourcesBuildPhase;
			buildActionMask = 2147483647;
			files = (
			);
			runOnlyForDeploymentPostprocessing = 0;
		};
/* End PBXResourcesBuildPhase section */

/* Begin PBXSourcesBuildPhase section */
		A5592D5729BC43B400D7B9CD /* Sources */ = {
			isa = PBXSourcesBuildPhase;
			buildActionMask = 2147483647;
			files = (
				A5592D6129BC43B400D7B9CD /* ContentView.swift in Sources */,
				A5592DC129BE722900D7B9CD /* OverlappingCoordinates.swift in Sources */,
				A5592D5F29BC43B400D7B9CD /* InterviewQuestionsApp.swift in Sources */,
			);
			runOnlyForDeploymentPostprocessing = 0;
		};
		A5592D6729BC43B400D7B9CD /* Sources */ = {
			isa = PBXSourcesBuildPhase;
			buildActionMask = 2147483647;
			files = (
				A5592D7029BC43B400D7B9CD /* InterviewQuestionsTests.swift in Sources */,
			);
			runOnlyForDeploymentPostprocessing = 0;
		};
		A5592D7129BC43B400D7B9CD /* Sources */ = {
			isa = PBXSourcesBuildPhase;
			buildActionMask = 2147483647;
			files = (
				A5592D7C29BC43B400D7B9CD /* InterviewQuestionsUITestsLaunchTests.swift in Sources */,
				A5592D7A29BC43B400D7B9CD /* InterviewQuestionsUITests.swift in Sources */,
			);
			runOnlyForDeploymentPostprocessing = 0;
		};
/* End PBXSourcesBuildPhase section */

/* Begin PBXTargetDependency section */
		A5592D6D29BC43B400D7B9CD /* PBXTargetDependency */ = {
			isa = PBXTargetDependency;
			target = A5592D5A29BC43B400D7B9CD /* InterviewQuestions */;
			targetProxy = A5592D6C29BC43B400D7B9CD /* PBXContainerItemProxy */;
		};
		A5592D7729BC43B400D7B9CD /* PBXTargetDependency */ = {
			isa = PBXTargetDependency;
			target = A5592D5A29BC43B400D7B9CD /* InterviewQuestions */;
			targetProxy = A5592D7629BC43B400D7B9CD /* PBXContainerItemProxy */;
		};
/* End PBXTargetDependency section */

/* Begin XCBuildConfiguration section */
		A5592D7D29BC43B400D7B9CD /* Debug */ = {
			isa = XCBuildConfiguration;
			buildSettings = {
				ALWAYS_SEARCH_USER_PATHS = NO;
				CLANG_ANALYZER_NONNULL = YES;
				CLANG_ANALYZER_NUMBER_OBJECT_CONVERSION = YES_AGGRESSIVE;
				CLANG_CXX_LANGUAGE_STANDARD = "gnu++20";
				CLANG_ENABLE_MODULES = YES;
				CLANG_ENABLE_OBJC_ARC = YES;
				CLANG_ENABLE_OBJC_WEAK = YES;
				CLANG_WARN_BLOCK_CAPTURE_AUTORELEASING = YES;
				CLANG_WARN_BOOL_CONVERSION = YES;
				CLANG_WARN_COMMA = YES;
				CLANG_WARN_CONSTANT_CONVERSION = YES;
				CLANG_WARN_DEPRECATED_OBJC_IMPLEMENTATIONS = YES;
				CLANG_WARN_DIRECT_OBJC_ISA_USAGE = YES_ERROR;
				CLANG_WARN_DOCUMENTATION_COMMENTS = YES;
				CLANG_WARN_EMPTY_BODY = YES;
				CLANG_WARN_ENUM_CONVERSION = YES;
				CLANG_WARN_INFINITE_RECURSION = YES;
				CLANG_WARN_INT_CONVERSION = YES;
				CLANG_WARN_NON_LITERAL_NULL_CONVERSION = YES;
				CLANG_WARN_OBJC_IMPLICIT_RETAIN_SELF = YES;
				CLANG_WARN_OBJC_LITERAL_CONVERSION = YES;
				CLANG_WARN_OBJC_ROOT_CLASS = YES_ERROR;
				CLANG_WARN_QUOTED_INCLUDE_IN_FRAMEWORK_HEADER = YES;
				CLANG_WARN_RANGE_LOOP_ANALYSIS = YES;
				CLANG_WARN_STRICT_PROTOTYPES = YES;
				CLANG_WARN_SUSPICIOUS_MOVE = YES;
				CLANG_WARN_UNGUARDED_AVAILABILITY = YES_AGGRESSIVE;
				CLANG_WARN_UNREACHABLE_CODE = YES;
				CLANG_WARN__DUPLICATE_METHOD_MATCH = YES;
				COPY_PHASE_STRIP = NO;
				DEBUG_INFORMATION_FORMAT = dwarf;
				ENABLE_STRICT_OBJC_MSGSEND = YES;
				ENABLE_TESTABILITY = YES;
				GCC_C_LANGUAGE_STANDARD = gnu11;
				GCC_DYNAMIC_NO_PIC = NO;
				GCC_NO_COMMON_BLOCKS = YES;
				GCC_OPTIMIZATION_LEVEL = 0;
				GCC_PREPROCESSOR_DEFINITIONS = (
					"DEBUG=1",
					"$(inherited)",
				);
				GCC_WARN_64_TO_32_BIT_CONVERSION = YES;
				GCC_WARN_ABOUT_RETURN_TYPE = YES_ERROR;
				GCC_WARN_UNDECLARED_SELECTOR = YES;
				GCC_WARN_UNINITIALIZED_AUTOS = YES_AGGRESSIVE;
				GCC_WARN_UNUSED_FUNCTION = YES;
				GCC_WARN_UNUSED_VARIABLE = YES;
				IPHONEOS_DEPLOYMENT_TARGET = 16.2;
				MTL_ENABLE_DEBUG_INFO = INCLUDE_SOURCE;
				MTL_FAST_MATH = YES;
				ONLY_ACTIVE_ARCH = YES;
				SDKROOT = iphoneos;
				SWIFT_ACTIVE_COMPILATION_CONDITIONS = DEBUG;
				SWIFT_OPTIMIZATION_LEVEL = "-Onone";
			};
			name = Debug;
		};
		A5592D7E29BC43B400D7B9CD /* Release */ = {
			isa = XCBuildConfiguration;
			buildSettings = {
				ALWAYS_SEARCH_USER_PATHS = NO;
				CLANG_ANALYZER_NONNULL = YES;
				CLANG_ANALYZER_NUMBER_OBJECT_CONVERSION = YES_AGGRESSIVE;
				CLANG_CXX_LANGUAGE_STANDARD = "gnu++20";
				CLANG_ENABLE_MODULES = YES;
				CLANG_ENABLE_OBJC_ARC = YES;
				CLANG_ENABLE_OBJC_WEAK = YES;
				CLANG_WARN_BLOCK_CAPTURE_AUTORELEASING = YES;
				CLANG_WARN_BOOL_CONVERSION = YES;
				CLANG_WARN_COMMA = YES;
				CLANG_WARN_CONSTANT_CONVERSION = YES;
				CLANG_WARN_DEPRECATED_OBJC_IMPLEMENTATIONS = YES;
				CLANG_WARN_DIRECT_OBJC_ISA_USAGE = YES_ERROR;
				CLANG_WARN_DOCUMENTATION_COMMENTS = YES;
				CLANG_WARN_EMPTY_BODY = YES;
				CLANG_WARN_ENUM_CONVERSION = YES;
				CLANG_WARN_INFINITE_RECURSION = YES;
				CLANG_WARN_INT_CONVERSION = YES;
				CLANG_WARN_NON_LITERAL_NULL_CONVERSION = YES;
				CLANG_WARN_OBJC_IMPLICIT_RETAIN_SELF = YES;
				CLANG_WARN_OBJC_LITERAL_CONVERSION = YES;
				CLANG_WARN_OBJC_ROOT_CLASS = YES_ERROR;
				CLANG_WARN_QUOTED_INCLUDE_IN_FRAMEWORK_HEADER = YES;
				CLANG_WARN_RANGE_LOOP_ANALYSIS = YES;
				CLANG_WARN_STRICT_PROTOTYPES = YES;
				CLANG_WARN_SUSPICIOUS_MOVE = YES;
				CLANG_WARN_UNGUARDED_AVAILABILITY = YES_AGGRESSIVE;
				CLANG_WARN_UNREACHABLE_CODE = YES;
				CLANG_WARN__DUPLICATE_METHOD_MATCH = YES;
				COPY_PHASE_STRIP = NO;
				DEBUG_INFORMATION_FORMAT = "dwarf-with-dsym";
				ENABLE_NS_ASSERTIONS = NO;
				ENABLE_STRICT_OBJC_MSGSEND = YES;
				GCC_C_LANGUAGE_STANDARD = gnu11;
				GCC_NO_COMMON_BLOCKS = YES;
				GCC_WARN_64_TO_32_BIT_CONVERSION = YES;
				GCC_WARN_ABOUT_RETURN_TYPE = YES_ERROR;
				GCC_WARN_UNDECLARED_SELECTOR = YES;
				GCC_WARN_UNINITIALIZED_AUTOS = YES_AGGRESSIVE;
				GCC_WARN_UNUSED_FUNCTION = YES;
				GCC_WARN_UNUSED_VARIABLE = YES;
				IPHONEOS_DEPLOYMENT_TARGET = 16.2;
				MTL_ENABLE_DEBUG_INFO = NO;
				MTL_FAST_MATH = YES;
				SDKROOT = iphoneos;
				SWIFT_COMPILATION_MODE = wholemodule;
				SWIFT_OPTIMIZATION_LEVEL = "-O";
				VALIDATE_PRODUCT = YES;
			};
			name = Release;
		};
		A5592D8029BC43B400D7B9CD /* Debug */ = {
			isa = XCBuildConfiguration;
			buildSettings = {
				ASSETCATALOG_COMPILER_APPICON_NAME = AppIcon;
				ASSETCATALOG_COMPILER_GLOBAL_ACCENT_COLOR_NAME = AccentColor;
				CODE_SIGN_STYLE = Automatic;
				CURRENT_PROJECT_VERSION = 1;
				DEVELOPMENT_ASSET_PATHS = "\"InterviewQuestions/Preview Content\"";
				ENABLE_PREVIEWS = YES;
				GENERATE_INFOPLIST_FILE = YES;
				INFOPLIST_KEY_UIApplicationSceneManifest_Generation = YES;
				INFOPLIST_KEY_UIApplicationSupportsIndirectInputEvents = YES;
				INFOPLIST_KEY_UILaunchScreen_Generation = YES;
				INFOPLIST_KEY_UISupportedInterfaceOrientations_iPad = "UIInterfaceOrientationPortrait UIInterfaceOrientationPortraitUpsideDown UIInterfaceOrientationLandscapeLeft UIInterfaceOrientationLandscapeRight";
				INFOPLIST_KEY_UISupportedInterfaceOrientations_iPhone = "UIInterfaceOrientationPortrait UIInterfaceOrientationLandscapeLeft UIInterfaceOrientationLandscapeRight";
				LD_RUNPATH_SEARCH_PATHS = (
					"$(inherited)",
					"@executable_path/Frameworks",
				);
				MARKETING_VERSION = 1.0;
				PRODUCT_BUNDLE_IDENTIFIER = com.swfit.InterviewQuestions;
				PRODUCT_NAME = "$(TARGET_NAME)";
				SWIFT_EMIT_LOC_STRINGS = YES;
				SWIFT_VERSION = 5.0;
				TARGETED_DEVICE_FAMILY = "1,2";
			};
			name = Debug;
		};
		A5592D8129BC43B400D7B9CD /* Release */ = {
			isa = XCBuildConfiguration;
			buildSettings = {
				ASSETCATALOG_COMPILER_APPICON_NAME = AppIcon;
				ASSETCATALOG_COMPILER_GLOBAL_ACCENT_COLOR_NAME = AccentColor;
				CODE_SIGN_STYLE = Automatic;
				CURRENT_PROJECT_VERSION = 1;
				DEVELOPMENT_ASSET_PATHS = "\"InterviewQuestions/Preview Content\"";
				ENABLE_PREVIEWS = YES;
				GENERATE_INFOPLIST_FILE = YES;
				INFOPLIST_KEY_UIApplicationSceneManifest_Generation = YES;
				INFOPLIST_KEY_UIApplicationSupportsIndirectInputEvents = YES;
				INFOPLIST_KEY_UILaunchScreen_Generation = YES;
				INFOPLIST_KEY_UISupportedInterfaceOrientations_iPad = "UIInterfaceOrientationPortrait UIInterfaceOrientationPortraitUpsideDown UIInterfaceOrientationLandscapeLeft UIInterfaceOrientationLandscapeRight";
				INFOPLIST_KEY_UISupportedInterfaceOrientations_iPhone = "UIInterfaceOrientationPortrait UIInterfaceOrientationLandscapeLeft UIInterfaceOrientationLandscapeRight";
				LD_RUNPATH_SEARCH_PATHS = (
					"$(inherited)",
					"@executable_path/Frameworks",
				);
				MARKETING_VERSION = 1.0;
				PRODUCT_BUNDLE_IDENTIFIER = com.swfit.InterviewQuestions;
				PRODUCT_NAME = "$(TARGET_NAME)";
				SWIFT_EMIT_LOC_STRINGS = YES;
				SWIFT_VERSION = 5.0;
				TARGETED_DEVICE_FAMILY = "1,2";
			};
			name = Release;
		};
		A5592D8329BC43B400D7B9CD /* Debug */ = {
			isa = XCBuildConfiguration;
			buildSettings = {
				ALWAYS_EMBED_SWIFT_STANDARD_LIBRARIES = YES;
				BUNDLE_LOADER = "$(TEST_HOST)";
				CODE_SIGN_STYLE = Automatic;
				CURRENT_PROJECT_VERSION = 1;
				GENERATE_INFOPLIST_FILE = YES;
				IPHONEOS_DEPLOYMENT_TARGET = 16.2;
				MARKETING_VERSION = 1.0;
				PRODUCT_BUNDLE_IDENTIFIER = com.swfit.InterviewQuestionsTests;
				PRODUCT_NAME = "$(TARGET_NAME)";
				SWIFT_EMIT_LOC_STRINGS = NO;
				SWIFT_VERSION = 5.0;
				TARGETED_DEVICE_FAMILY = "1,2";
				TEST_HOST = "$(BUILT_PRODUCTS_DIR)/InterviewQuestions.app/$(BUNDLE_EXECUTABLE_FOLDER_PATH)/InterviewQuestions";
			};
			name = Debug;
		};
		A5592D8429BC43B400D7B9CD /* Release */ = {
			isa = XCBuildConfiguration;
			buildSettings = {
				ALWAYS_EMBED_SWIFT_STANDARD_LIBRARIES = YES;
				BUNDLE_LOADER = "$(TEST_HOST)";
				CODE_SIGN_STYLE = Automatic;
				CURRENT_PROJECT_VERSION = 1;
				GENERATE_INFOPLIST_FILE = YES;
				IPHONEOS_DEPLOYMENT_TARGET = 16.2;
				MARKETING_VERSION = 1.0;
				PRODUCT_BUNDLE_IDENTIFIER = com.swfit.InterviewQuestionsTests;
				PRODUCT_NAME = "$(TARGET_NAME)";
				SWIFT_EMIT_LOC_STRINGS = NO;
				SWIFT_VERSION = 5.0;
				TARGETED_DEVICE_FAMILY = "1,2";
				TEST_HOST = "$(BUILT_PRODUCTS_DIR)/InterviewQuestions.app/$(BUNDLE_EXECUTABLE_FOLDER_PATH)/InterviewQuestions";
			};
			name = Release;
		};
		A5592D8629BC43B400D7B9CD /* Debug */ = {
			isa = XCBuildConfiguration;
			buildSettings = {
				ALWAYS_EMBED_SWIFT_STANDARD_LIBRARIES = YES;
				CODE_SIGN_STYLE = Automatic;
				CURRENT_PROJECT_VERSION = 1;
				GENERATE_INFOPLIST_FILE = YES;
				MARKETING_VERSION = 1.0;
				PRODUCT_BUNDLE_IDENTIFIER = com.swfit.InterviewQuestionsUITests;
				PRODUCT_NAME = "$(TARGET_NAME)";
				SWIFT_EMIT_LOC_STRINGS = NO;
				SWIFT_VERSION = 5.0;
				TARGETED_DEVICE_FAMILY = "1,2";
				TEST_TARGET_NAME = InterviewQuestions;
			};
			name = Debug;
		};
		A5592D8729BC43B400D7B9CD /* Release */ = {
			isa = XCBuildConfiguration;
			buildSettings = {
				ALWAYS_EMBED_SWIFT_STANDARD_LIBRARIES = YES;
				CODE_SIGN_STYLE = Automatic;
				CURRENT_PROJECT_VERSION = 1;
				GENERATE_INFOPLIST_FILE = YES;
				MARKETING_VERSION = 1.0;
				PRODUCT_BUNDLE_IDENTIFIER = com.swfit.InterviewQuestionsUITests;
				PRODUCT_NAME = "$(TARGET_NAME)";
				SWIFT_EMIT_LOC_STRINGS = NO;
				SWIFT_VERSION = 5.0;
				TARGETED_DEVICE_FAMILY = "1,2";
				TEST_TARGET_NAME = InterviewQuestions;
			};
			name = Release;
		};
/* End XCBuildConfiguration section */

/* Begin XCConfigurationList section */
		A5592D5629BC43B400D7B9CD /* Build configuration list for PBXProject "InterviewQuestions" */ = {
			isa = XCConfigurationList;
			buildConfigurations = (
				A5592D7D29BC43B400D7B9CD /* Debug */,
				A5592D7E29BC43B400D7B9CD /* Release */,
			);
			defaultConfigurationIsVisible = 0;
			defaultConfigurationName = Release;
		};
		A5592D7F29BC43B400D7B9CD /* Build configuration list for PBXNativeTarget "InterviewQuestions" */ = {
			isa = XCConfigurationList;
			buildConfigurations = (
				A5592D8029BC43B400D7B9CD /* Debug */,
				A5592D8129BC43B400D7B9CD /* Release */,
			);
			defaultConfigurationIsVisible = 0;
			defaultConfigurationName = Release;
		};
		A5592D8229BC43B400D7B9CD /* Build configuration list for PBXNativeTarget "InterviewQuestionsTests" */ = {
			isa = XCConfigurationList;
			buildConfigurations = (
				A5592D8329BC43B400D7B9CD /* Debug */,
				A5592D8429BC43B400D7B9CD /* Release */,
			);
			defaultConfigurationIsVisible = 0;
			defaultConfigurationName = Release;
		};
		A5592D8529BC43B400D7B9CD /* Build configuration list for PBXNativeTarget "InterviewQuestionsUITests" */ = {
			isa = XCConfigurationList;
			buildConfigurations = (
				A5592D8629BC43B400D7B9CD /* Debug */,
				A5592D8729BC43B400D7B9CD /* Release */,
			);
			defaultConfigurationIsVisible = 0;
			defaultConfigurationName = Release;
		};
/* End XCConfigurationList section */
	};
	rootObject = A5592D5329BC43B400D7B9CD /* Project object */;
}
